
Microsoft Visual Studio Solution File, Format Version 12.00
# Visual Studio Version 17
VisualStudioVersion = 17.11.35208.52
MinimumVisualStudioVersion = 10.0.40219.1
Project("{FAE04EC0-301F-11D3-BF4B-00C04F79EFBC}") = "gitotravez", "gitotravez\gitotravez.csproj", "{48E4D8B8-104F-4E28-9DC5-F1F33B228367}"
EndProject
Global
	GlobalSection(SolutionConfigurationPlatforms) = preSolution
		Debug|Any CPU = Debug|Any CPU
		Release|Any CPU = Release|Any CPU
	EndGlobalSection
	GlobalSection(ProjectConfigurationPlatforms) = postSolution
		{48E4D8B8-104F-4E28-9DC5-F1F33B228367}.Debug|Any CPU.ActiveCfg = Debug|Any CPU
		{48E4D8B8-104F-4E28-9DC5-F1F33B228367}.Debug|Any CPU.Build.0 = Debug|Any CPU
		{48E4D8B8-104F-4E28-9DC5-F1F33B228367}.Debug|Any CPU.Deploy.0 = Debug|Any CPU
		{48E4D8B8-104F-4E28-9DC5-F1F33B228367}.Release|Any CPU.ActiveCfg = Release|Any CPU
		{48E4D8B8-104F-4E28-9DC5-F1F33B228367}.Release|Any CPU.Build.0 = Release|Any CPU
		{48E4D8B8-104F-4E28-9DC5-F1F33B228367}.Release|Any CPU.Deploy.0 = Release|Any CPU
	EndGlobalSection
	GlobalSection(SolutionProperties) = preSolution
		HideSolutionNode = FALSE
	EndGlobalSection
	GlobalSection(ExtensibilityGlobals) = postSolution
		SolutionGuid = {D0942C55-AE43-4BB4-816E-28A69E6C0175}
	EndGlobalSection
EndGlobal
